
Microsoft Visual Studio Solution File, Format Version 12.00
# Visual Studio Version 17
VisualStudioVersion = 17.6.33829.357
MinimumVisualStudioVersion = 10.0.40219.1
Project("{9A19103F-16F7-4668-BE54-9A1E7A4F7556}") = "Articles.IdentityServerAndAdminUI.Aspire.IdentityServer", "Articles.IdentityServerAndAdminUI.Aspire.IdentityServer\Articles.IdentityServerAndAdminUI.Aspire.IdentityServer.csproj", "{F6F8D777-08BD-44EE-A627-A67EF315360F}"
EndProject
Project("{9A19103F-16F7-4668-BE54-9A1E7A4F7556}") = "Articles.IdentityServerAndAdminUI.Aspire.AdminUI", "Articles.IdentityServerAndAdminUI.Aspire.AdminUI\Articles.IdentityServerAndAdminUI.Aspire.AdminUI.csproj", "{34215208-998E-4029-88B7-3A521064DFB7}"
EndProject
Project("{9A19103F-16F7-4668-BE54-9A1E7A4F7556}") = "Articles.IdentityServerAndAdminUI.Aspire.IdentityServer.Tests", "Articles.IdentityServerAndAdminUI.Aspire.IdentityServer.Tests\Articles.IdentityServerAndAdminUI.Aspire.IdentityServer.Tests.csproj", "{F8CA6000-D002-4FBD-9225-F5E278C49AFE}"
EndProject
Project("{FAE04EC0-301F-11D3-BF4B-00C04F79EFBC}") = "Articles.IdentityServerAndAdminUI.Aspire.AppHost", "Articles.IdentityServerAndAdminUI.Aspire.AppHost\Articles.IdentityServerAndAdminUI.Aspire.AppHost.csproj", "{389B11B6-0F5B-44A4-BDF9-C39EC2AF3DEF}"
EndProject
Project("{9A19103F-16F7-4668-BE54-9A1E7A4F7556}") = "Articles.IdentityServerAndAdminUI.Aspire.ServiceDefaults", "Articles.IdentityServerAndAdminUI.Aspire.ServiceDefaults\Articles.IdentityServerAndAdminUI.Aspire.ServiceDefaults.csproj", "{A7E0BC3F-126B-45F9-B4AF-0CDCB6156DCA}"
EndProject
Global
	GlobalSection(SolutionConfigurationPlatforms) = preSolution
		Debug|Any CPU = Debug|Any CPU
		Release|Any CPU = Release|Any CPU
	EndGlobalSection
	GlobalSection(ProjectConfigurationPlatforms) = postSolution
		{F6F8D777-08BD-44EE-A627-A67EF315360F}.Debug|Any CPU.ActiveCfg = Debug|Any CPU
		{F6F8D777-08BD-44EE-A627-A67EF315360F}.Debug|Any CPU.Build.0 = Debug|Any CPU
		{F6F8D777-08BD-44EE-A627-A67EF315360F}.Release|Any CPU.ActiveCfg = Release|Any CPU
		{F6F8D777-08BD-44EE-A627-A67EF315360F}.Release|Any CPU.Build.0 = Release|Any CPU
		{34215208-998E-4029-88B7-3A521064DFB7}.Debug|Any CPU.ActiveCfg = Debug|Any CPU
		{34215208-998E-4029-88B7-3A521064DFB7}.Debug|Any CPU.Build.0 = Debug|Any CPU
		{34215208-998E-4029-88B7-3A521064DFB7}.Release|Any CPU.ActiveCfg = Release|Any CPU
		{34215208-998E-4029-88B7-3A521064DFB7}.Release|Any CPU.Build.0 = Release|Any CPU
		{F8CA6000-D002-4FBD-9225-F5E278C49AFE}.Debug|Any CPU.ActiveCfg = Debug|Any CPU
		{F8CA6000-D002-4FBD-9225-F5E278C49AFE}.Debug|Any CPU.Build.0 = Debug|Any CPU
		{F8CA6000-D002-4FBD-9225-F5E278C49AFE}.Release|Any CPU.ActiveCfg = Release|Any CPU
		{F8CA6000-D002-4FBD-9225-F5E278C49AFE}.Release|Any CPU.Build.0 = Release|Any CPU
		{389B11B6-0F5B-44A4-BDF9-C39EC2AF3DEF}.Debug|Any CPU.ActiveCfg = Debug|Any CPU
		{389B11B6-0F5B-44A4-BDF9-C39EC2AF3DEF}.Debug|Any CPU.Build.0 = Debug|Any CPU
		{389B11B6-0F5B-44A4-BDF9-C39EC2AF3DEF}.Release|Any CPU.ActiveCfg = Release|Any CPU
		{389B11B6-0F5B-44A4-BDF9-C39EC2AF3DEF}.Release|Any CPU.Build.0 = Release|Any CPU
		{A7E0BC3F-126B-45F9-B4AF-0CDCB6156DCA}.Debug|Any CPU.ActiveCfg = Debug|Any CPU
		{A7E0BC3F-126B-45F9-B4AF-0CDCB6156DCA}.Debug|Any CPU.Build.0 = Debug|Any CPU
		{A7E0BC3F-126B-45F9-B4AF-0CDCB6156DCA}.Release|Any CPU.ActiveCfg = Release|Any CPU
		{A7E0BC3F-126B-45F9-B4AF-0CDCB6156DCA}.Release|Any CPU.Build.0 = Release|Any CPU
	EndGlobalSection
	GlobalSection(SolutionProperties) = preSolution
		HideSolutionNode = FALSE
	EndGlobalSection
	GlobalSection(ExtensibilityGlobals) = postSolution
		SolutionGuid = {64E7B773-2372-4E23-B33A-3EF17751155D}
	EndGlobalSection
EndGlobal
